
Microsoft Visual Studio Solution File, Format Version 12.00
# Visual Studio Version 17
VisualStudioVersion = 17.8.34330.188
MinimumVisualStudioVersion = 10.0.40219.1
Project("{FAE04EC0-301F-11D3-BF4B-00C04F79EFBC}") = "GameDevTechTest", "GameDevTechTest.csproj", "{974E5AF3-82CD-45EB-A379-136ED380676B}"
EndProject
Global
	GlobalSection(SolutionConfigurationPlatforms) = preSolution
		Debug|Any CPU = Debug|Any CPU
		Release|Any CPU = Release|Any CPU
	EndGlobalSection
	GlobalSection(ProjectConfigurationPlatforms) = postSolution
		{974E5AF3-82CD-45EB-A379-136ED380676B}.Debug|Any CPU.ActiveCfg = Debug|Any CPU
		{974E5AF3-82CD-45EB-A379-136ED380676B}.Debug|Any CPU.Build.0 = Debug|Any CPU
		{974E5AF3-82CD-45EB-A379-136ED380676B}.Release|Any CPU.ActiveCfg = Release|Any CPU
		{974E5AF3-82CD-45EB-A379-136ED380676B}.Release|Any CPU.Build.0 = Release|Any CPU
	EndGlobalSection
	GlobalSection(SolutionProperties) = preSolution
		HideSolutionNode = FALSE
	EndGlobalSection
	GlobalSection(ExtensibilityGlobals) = postSolution
		SolutionGuid = {BB7E940D-BC31-4B63-8351-35451517CB82}
	EndGlobalSection
EndGlobal
